
Microsoft Visual Studio Solution File, Format Version 12.00
# Visual Studio Version 17
VisualStudioVersion = 17.1.32414.318
MinimumVisualStudioVersion = 10.0.40219.1
Project("{9A19103F-16F7-4668-BE54-9A1E7A4F7556}") = "bekk.VyLogParser.ConsoleApp", "Source\bekk.VyLogParser.ConsoleApp\bekk.VyLogParser.ConsoleApp.csproj", "{DBD28BD0-6BA0-4A76-B8F0-B1A2D3014FAE}"
EndProject
Project("{9A19103F-16F7-4668-BE54-9A1E7A4F7556}") = "bekk.VyLogParser.WebApp", "Source\bekk.VyLogParser.WebApp\bekk.VyLogParser.WebApp.csproj", "{38735866-F9CB-42E1-B153-D9D8DCBAF60D}"
EndProject
Project("{FAE04EC0-301F-11D3-BF4B-00C04F79EFBC}") = "bekk.VyLogParser.Library", "Source\bekk.VyLogParser.Library\bekk.VyLogParser.Library.csproj", "{C6731E99-A307-4505-A2E4-47AB0F916EC4}"
EndProject
Project("{FAE04EC0-301F-11D3-BF4B-00C04F79EFBC}") = "bekk.VyLogParser.Models", "Source\bekk.VyLogParser.Models\bekk.VyLogParser.Models.csproj", "{05C8C46E-19FF-4584-97F8-F58F69E6792F}"
EndProject
Global
	GlobalSection(SolutionConfigurationPlatforms) = preSolution
		Debug|Any CPU = Debug|Any CPU
		Release|Any CPU = Release|Any CPU
	EndGlobalSection
	GlobalSection(ProjectConfigurationPlatforms) = postSolution
		{DBD28BD0-6BA0-4A76-B8F0-B1A2D3014FAE}.Debug|Any CPU.ActiveCfg = Debug|Any CPU
		{DBD28BD0-6BA0-4A76-B8F0-B1A2D3014FAE}.Debug|Any CPU.Build.0 = Debug|Any CPU
		{DBD28BD0-6BA0-4A76-B8F0-B1A2D3014FAE}.Release|Any CPU.ActiveCfg = Release|Any CPU
		{DBD28BD0-6BA0-4A76-B8F0-B1A2D3014FAE}.Release|Any CPU.Build.0 = Release|Any CPU
		{38735866-F9CB-42E1-B153-D9D8DCBAF60D}.Debug|Any CPU.ActiveCfg = Debug|Any CPU
		{38735866-F9CB-42E1-B153-D9D8DCBAF60D}.Debug|Any CPU.Build.0 = Debug|Any CPU
		{38735866-F9CB-42E1-B153-D9D8DCBAF60D}.Release|Any CPU.ActiveCfg = Release|Any CPU
		{38735866-F9CB-42E1-B153-D9D8DCBAF60D}.Release|Any CPU.Build.0 = Release|Any CPU
		{C6731E99-A307-4505-A2E4-47AB0F916EC4}.Debug|Any CPU.ActiveCfg = Debug|Any CPU
		{C6731E99-A307-4505-A2E4-47AB0F916EC4}.Debug|Any CPU.Build.0 = Debug|Any CPU
		{C6731E99-A307-4505-A2E4-47AB0F916EC4}.Release|Any CPU.ActiveCfg = Release|Any CPU
		{C6731E99-A307-4505-A2E4-47AB0F916EC4}.Release|Any CPU.Build.0 = Release|Any CPU
		{05C8C46E-19FF-4584-97F8-F58F69E6792F}.Debug|Any CPU.ActiveCfg = Debug|Any CPU
		{05C8C46E-19FF-4584-97F8-F58F69E6792F}.Debug|Any CPU.Build.0 = Debug|Any CPU
		{05C8C46E-19FF-4584-97F8-F58F69E6792F}.Release|Any CPU.ActiveCfg = Release|Any CPU
		{05C8C46E-19FF-4584-97F8-F58F69E6792F}.Release|Any CPU.Build.0 = Release|Any CPU
	EndGlobalSection
	GlobalSection(SolutionProperties) = preSolution
		HideSolutionNode = FALSE
	EndGlobalSection
	GlobalSection(ExtensibilityGlobals) = postSolution
		SolutionGuid = {E6A5484B-DF40-4F4E-A87B-CA665AC8E1FB}
	EndGlobalSection
EndGlobal
